
Microsoft Visual Studio Solution File, Format Version 12.00
# Visual Studio 15
VisualStudioVersion = 15.0.27703.2000
MinimumVisualStudioVersion = 10.0.40219.1
Project("{8BC9CEB8-8B4A-11D0-8D11-00A0C91BC942}") = "Dx11Test", "Dx11Test\Dx11Test.vcxproj", "{F70D1B31-E12C-4D3B-B1A1-D6A80ACE064E}"
EndProject
Global
	GlobalSection(SolutionConfigurationPlatforms) = preSolution
		Debug|ARM = Debug|ARM
		Debug|x64 = Debug|x64
		Debug|x86 = Debug|x86
		Release|ARM = Release|ARM
		Release|x64 = Release|x64
		Release|x86 = Release|x86
	EndGlobalSection
	GlobalSection(ProjectConfigurationPlatforms) = postSolution
		{F70D1B31-E12C-4D3B-B1A1-D6A80ACE064E}.Debug|ARM.ActiveCfg = Debug|ARM
		{F70D1B31-E12C-4D3B-B1A1-D6A80ACE064E}.Debug|ARM.Build.0 = Debug|ARM
		{F70D1B31-E12C-4D3B-B1A1-D6A80ACE064E}.Debug|ARM.Deploy.0 = Debug|ARM
		{F70D1B31-E12C-4D3B-B1A1-D6A80ACE064E}.Debug|x64.ActiveCfg = Debug|x64
		{F70D1B31-E12C-4D3B-B1A1-D6A80ACE064E}.Debug|x64.Build.0 = Debug|x64
		{F70D1B31-E12C-4D3B-B1A1-D6A80ACE064E}.Debug|x64.Deploy.0 = Debug|x64
		{F70D1B31-E12C-4D3B-B1A1-D6A80ACE064E}.Debug|x86.ActiveCfg = Debug|Win32
		{F70D1B31-E12C-4D3B-B1A1-D6A80ACE064E}.Debug|x86.Build.0 = Debug|Win32
		{F70D1B31-E12C-4D3B-B1A1-D6A80ACE064E}.Debug|x86.Deploy.0 = Debug|Win32
		{F70D1B31-E12C-4D3B-B1A1-D6A80ACE064E}.Release|ARM.ActiveCfg = Release|ARM
		{F70D1B31-E12C-4D3B-B1A1-D6A80ACE064E}.Release|ARM.Build.0 = Release|ARM
		{F70D1B31-E12C-4D3B-B1A1-D6A80ACE064E}.Release|ARM.Deploy.0 = Release|ARM
		{F70D1B31-E12C-4D3B-B1A1-D6A80ACE064E}.Release|x64.ActiveCfg = Release|x64
		{F70D1B31-E12C-4D3B-B1A1-D6A80ACE064E}.Release|x64.Build.0 = Release|x64
		{F70D1B31-E12C-4D3B-B1A1-D6A80ACE064E}.Release|x64.Deploy.0 = Release|x64
		{F70D1B31-E12C-4D3B-B1A1-D6A80ACE064E}.Release|x86.ActiveCfg = Release|Win32
		{F70D1B31-E12C-4D3B-B1A1-D6A80ACE064E}.Release|x86.Build.0 = Release|Win32
		{F70D1B31-E12C-4D3B-B1A1-D6A80ACE064E}.Release|x86.Deploy.0 = Release|Win32
	EndGlobalSection
	GlobalSection(SolutionProperties) = preSolution
		HideSolutionNode = FALSE
	EndGlobalSection
	GlobalSection(ExtensibilityGlobals) = postSolution
		SolutionGuid = {9E77FDEE-0B4C-424E-8783-629EAA3CE2E7}
	EndGlobalSection
EndGlobal
